
Microsoft Visual Studio Solution File, Format Version 12.00
# Visual Studio 2012
Project("{2150E333-8FDC-42A3-9474-1A3956D46DE8}") = "Builder", "Builder", "{9DCA004B-9377-4160-A2CC-B2C866CC3360}"
EndProject
Project("{FAE04EC0-301F-11D3-BF4B-00C04F79EFBC}") = "MyCodeMatic", "MyCodeMatic\MyCodeMatic.csproj", "{9EBD32ED-E8C9-4B01-84C6-09A32BEFBC13}"
EndProject
Project("{FAE04EC0-301F-11D3-BF4B-00C04F79EFBC}") = "BuilderWebMVC", "Builder\BuilderWebMVC\BuilderWebMVC.csproj", "{72660756-83A0-4768-913F-BB9ED585DC96}"
EndProject
Project("{FAE04EC0-301F-11D3-BF4B-00C04F79EFBC}") = "BuilderWeb", "Builder\BuilderWeb\BuilderWeb.csproj", "{52D7457C-FD3A-4F39-9704-FF66A7A5F00A}"
EndProject
Project("{FAE04EC0-301F-11D3-BF4B-00C04F79EFBC}") = "BuilderModel", "Builder\BuilderModel\BuilderModel.csproj", "{2F038593-3BCA-48F7-AFFE-796F1DE0CAB1}"
EndProject
Project("{FAE04EC0-301F-11D3-BF4B-00C04F79EFBC}") = "CodeHelper", "CodeHelper\CodeHelper.csproj", "{CBE47089-9D43-4943-A388-5192953C40C4}"
EndProject
Project("{FAE04EC0-301F-11D3-BF4B-00C04F79EFBC}") = "IBuilder", "IBuilder\IBuilder.csproj", "{8FE4345A-3495-4597-BC6F-9C6D7D48B149}"
EndProject
Project("{FAE04EC0-301F-11D3-BF4B-00C04F79EFBC}") = "IDBO", "IDbObject\IDBO.csproj", "{EEE41BE0-CCD0-413F-8455-EBA28E1385E5}"
EndProject
Project("{FAE04EC0-301F-11D3-BF4B-00C04F79EFBC}") = "Utility", "Utility\Utility.csproj", "{15F54374-E676-40F3-B291-13E39A423338}"
EndProject
Project("{FAE04EC0-301F-11D3-BF4B-00C04F79EFBC}") = "CmConfig", "CmConfig\CmConfig.csproj", "{DC4F125A-E712-438E-B15E-76C3629E0E53}"
EndProject
Project("{FAE04EC0-301F-11D3-BF4B-00C04F79EFBC}") = "BuilderDALTranParam", "Builder\BuilderDALTranParam\BuilderDALTranParam.csproj", "{78FD809C-43FE-43EF-9A1E-AE91F358585D}"
EndProject
Project("{FAE04EC0-301F-11D3-BF4B-00C04F79EFBC}") = "BuilderDALSQL", "Builder\BuilderDALSQL\BuilderDALSQL.csproj", "{0ED67C0E-B710-44E5-8F87-59838E5BDBF6}"
EndProject
Project("{FAE04EC0-301F-11D3-BF4B-00C04F79EFBC}") = "BuilderDALProc", "Builder\BuilderDALProc\BuilderDALProc.csproj", "{3D640E34-5050-4B96-8800-315FF9EB5E23}"
EndProject
Project("{FAE04EC0-301F-11D3-BF4B-00C04F79EFBC}") = "BuilderDALParam", "Builder\BuilderDALParam\BuilderDALParam.csproj", "{AA674935-EE79-4A95-A13B-1E5CE8738B56}"
EndProject
Project("{FAE04EC0-301F-11D3-BF4B-00C04F79EFBC}") = "BuilderDALIBatisNetMapXML", "Builder\BuilderDALIBatisNetMapXML\BuilderDALIBatisNetMapXML.csproj", "{60CB7D74-7627-4863-929A-35A236B18CBD}"
EndProject
Project("{FAE04EC0-301F-11D3-BF4B-00C04F79EFBC}") = "BuilderDALIBatisNet", "Builder\BuilderDALIBatisNet\BuilderDALIBatisNet.csproj", "{99CE6BCE-80F4-4749-B551-C0156DC23073}"
EndProject
Project("{FAE04EC0-301F-11D3-BF4B-00C04F79EFBC}") = "BuilderDALELSQL", "Builder\BuilderDALELSQL\BuilderDALELSQL.csproj", "{16229504-2E90-42E7-9BE9-185725FEC76E}"
EndProject
Project("{FAE04EC0-301F-11D3-BF4B-00C04F79EFBC}") = "BuilderDALELParam", "Builder\BuilderDALELParam\BuilderDALELParam.csproj", "{F998A3EB-A7C8-4572-ACE2-FD58F6E9562B}"
EndProject
Project("{FAE04EC0-301F-11D3-BF4B-00C04F79EFBC}") = "BuilderDALELProc", "Builder\BuilderDAELLProc\BuilderDALELProc.csproj", "{B3EF95AE-944A-4638-AFC6-80786C724214}"
EndProject
Project("{FAE04EC0-301F-11D3-BF4B-00C04F79EFBC}") = "BuilderBLLComm", "Builder\BuilderBLLComm\BuilderBLLComm.csproj", "{263E5EB9-C901-442F-8E3E-7CE38B59D8F2}"
EndProject
Project("{FAE04EC0-301F-11D3-BF4B-00C04F79EFBC}") = "AddInManager", "AddInManager\AddInManager.csproj", "{5648140C-04A7-4FB5-8EA7-FED5DFD26B4C}"
EndProject
Project("{FAE04EC0-301F-11D3-BF4B-00C04F79EFBC}") = "CodeBuild", "CodeBuild\CodeBuild.csproj", "{06A653C6-834F-4FD8-A1DF-4D107131E2FB}"
EndProject
Project("{FAE04EC0-301F-11D3-BF4B-00C04F79EFBC}") = "DBFactory", "DBFactory\DBFactory.csproj", "{D2A22092-453A-4CAD-898E-24013950D124}"
EndProject
Project("{FAE04EC0-301F-11D3-BF4B-00C04F79EFBC}") = "DbObjects", "DbObject\DbObjects.csproj", "{DE024517-2FCC-45E7-9202-710EED1CF5A3}"
EndProject
Project("{FAE04EC0-301F-11D3-BF4B-00C04F79EFBC}") = "LTPTextEditor", "LTPTextEditor\LTPTextEditor.csproj", "{BD86B1FF-9B25-4ACE-8676-E63D5E6F2C45}"
EndProject
Project("{FAE04EC0-301F-11D3-BF4B-00C04F79EFBC}") = "SplashScrForm", "SplashScreen\SplashScrForm.csproj", "{743EDB81-D2AC-4A52-A313-50BD4229401B}"
EndProject
Project("{FAE04EC0-301F-11D3-BF4B-00C04F79EFBC}") = "uninstall", "uninstall\uninstall.csproj", "{0D3E6222-90D5-47E5-A6DE-5AAF140A4BC7}"
EndProject
Project("{FAE04EC0-301F-11D3-BF4B-00C04F79EFBC}") = "UpdateApp", "UpdateApp\UpdateApp.csproj", "{C8E885FC-385D-485D-9791-E7D46782C585}"
EndProject
Project("{2150E333-8FDC-42A3-9474-1A3956D46DE8}") = "common", "common", "{CB2CAC0A-C9BD-4CB2-8C9B-33F82991C58B}"
EndProject
Global
	GlobalSection(SolutionConfigurationPlatforms) = preSolution
		Debug|Any CPU = Debug|Any CPU
		Release|Any CPU = Release|Any CPU
	EndGlobalSection
	GlobalSection(ProjectConfigurationPlatforms) = postSolution
		{9EBD32ED-E8C9-4B01-84C6-09A32BEFBC13}.Debug|Any CPU.ActiveCfg = Debug|Any CPU
		{9EBD32ED-E8C9-4B01-84C6-09A32BEFBC13}.Debug|Any CPU.Build.0 = Debug|Any CPU
		{9EBD32ED-E8C9-4B01-84C6-09A32BEFBC13}.Release|Any CPU.ActiveCfg = Release|Any CPU
		{9EBD32ED-E8C9-4B01-84C6-09A32BEFBC13}.Release|Any CPU.Build.0 = Release|Any CPU
		{72660756-83A0-4768-913F-BB9ED585DC96}.Debug|Any CPU.ActiveCfg = Debug|Any CPU
		{72660756-83A0-4768-913F-BB9ED585DC96}.Debug|Any CPU.Build.0 = Debug|Any CPU
		{72660756-83A0-4768-913F-BB9ED585DC96}.Release|Any CPU.ActiveCfg = Release|Any CPU
		{72660756-83A0-4768-913F-BB9ED585DC96}.Release|Any CPU.Build.0 = Release|Any CPU
		{52D7457C-FD3A-4F39-9704-FF66A7A5F00A}.Debug|Any CPU.ActiveCfg = Debug|Any CPU
		{52D7457C-FD3A-4F39-9704-FF66A7A5F00A}.Debug|Any CPU.Build.0 = Debug|Any CPU
		{52D7457C-FD3A-4F39-9704-FF66A7A5F00A}.Release|Any CPU.ActiveCfg = Release|Any CPU
		{52D7457C-FD3A-4F39-9704-FF66A7A5F00A}.Release|Any CPU.Build.0 = Release|Any CPU
		{2F038593-3BCA-48F7-AFFE-796F1DE0CAB1}.Debug|Any CPU.ActiveCfg = Debug|Any CPU
		{2F038593-3BCA-48F7-AFFE-796F1DE0CAB1}.Debug|Any CPU.Build.0 = Debug|Any CPU
		{2F038593-3BCA-48F7-AFFE-796F1DE0CAB1}.Release|Any CPU.ActiveCfg = Release|Any CPU
		{2F038593-3BCA-48F7-AFFE-796F1DE0CAB1}.Release|Any CPU.Build.0 = Release|Any CPU
		{CBE47089-9D43-4943-A388-5192953C40C4}.Debug|Any CPU.ActiveCfg = Debug|Any CPU
		{CBE47089-9D43-4943-A388-5192953C40C4}.Debug|Any CPU.Build.0 = Debug|Any CPU
		{CBE47089-9D43-4943-A388-5192953C40C4}.Release|Any CPU.ActiveCfg = Release|Any CPU
		{CBE47089-9D43-4943-A388-5192953C40C4}.Release|Any CPU.Build.0 = Release|Any CPU
		{8FE4345A-3495-4597-BC6F-9C6D7D48B149}.Debug|Any CPU.ActiveCfg = Debug|Any CPU
		{8FE4345A-3495-4597-BC6F-9C6D7D48B149}.Debug|Any CPU.Build.0 = Debug|Any CPU
		{8FE4345A-3495-4597-BC6F-9C6D7D48B149}.Release|Any CPU.ActiveCfg = Release|Any CPU
		{8FE4345A-3495-4597-BC6F-9C6D7D48B149}.Release|Any CPU.Build.0 = Release|Any CPU
		{EEE41BE0-CCD0-413F-8455-EBA28E1385E5}.Debug|Any CPU.ActiveCfg = Debug|Any CPU
		{EEE41BE0-CCD0-413F-8455-EBA28E1385E5}.Debug|Any CPU.Build.0 = Debug|Any CPU
		{EEE41BE0-CCD0-413F-8455-EBA28E1385E5}.Release|Any CPU.ActiveCfg = Release|Any CPU
		{EEE41BE0-CCD0-413F-8455-EBA28E1385E5}.Release|Any CPU.Build.0 = Release|Any CPU
		{15F54374-E676-40F3-B291-13E39A423338}.Debug|Any CPU.ActiveCfg = Debug|Any CPU
		{15F54374-E676-40F3-B291-13E39A423338}.Debug|Any CPU.Build.0 = Debug|Any CPU
		{15F54374-E676-40F3-B291-13E39A423338}.Release|Any CPU.ActiveCfg = Release|Any CPU
		{15F54374-E676-40F3-B291-13E39A423338}.Release|Any CPU.Build.0 = Release|Any CPU
		{DC4F125A-E712-438E-B15E-76C3629E0E53}.Debug|Any CPU.ActiveCfg = Debug|Any CPU
		{DC4F125A-E712-438E-B15E-76C3629E0E53}.Debug|Any CPU.Build.0 = Debug|Any CPU
		{DC4F125A-E712-438E-B15E-76C3629E0E53}.Release|Any CPU.ActiveCfg = Release|Any CPU
		{DC4F125A-E712-438E-B15E-76C3629E0E53}.Release|Any CPU.Build.0 = Release|Any CPU
		{78FD809C-43FE-43EF-9A1E-AE91F358585D}.Debug|Any CPU.ActiveCfg = Debug|Any CPU
		{78FD809C-43FE-43EF-9A1E-AE91F358585D}.Debug|Any CPU.Build.0 = Debug|Any CPU
		{78FD809C-43FE-43EF-9A1E-AE91F358585D}.Release|Any CPU.ActiveCfg = Release|Any CPU
		{78FD809C-43FE-43EF-9A1E-AE91F358585D}.Release|Any CPU.Build.0 = Release|Any CPU
		{0ED67C0E-B710-44E5-8F87-59838E5BDBF6}.Debug|Any CPU.ActiveCfg = Debug|Any CPU
		{0ED67C0E-B710-44E5-8F87-59838E5BDBF6}.Debug|Any CPU.Build.0 = Debug|Any CPU
		{0ED67C0E-B710-44E5-8F87-59838E5BDBF6}.Release|Any CPU.ActiveCfg = Release|Any CPU
		{0ED67C0E-B710-44E5-8F87-59838E5BDBF6}.Release|Any CPU.Build.0 = Release|Any CPU
		{3D640E34-5050-4B96-8800-315FF9EB5E23}.Debug|Any CPU.ActiveCfg = Debug|Any CPU
		{3D640E34-5050-4B96-8800-315FF9EB5E23}.Debug|Any CPU.Build.0 = Debug|Any CPU
		{3D640E34-5050-4B96-8800-315FF9EB5E23}.Release|Any CPU.ActiveCfg = Release|Any CPU
		{3D640E34-5050-4B96-8800-315FF9EB5E23}.Release|Any CPU.Build.0 = Release|Any CPU
		{AA674935-EE79-4A95-A13B-1E5CE8738B56}.Debug|Any CPU.ActiveCfg = Debug|Any CPU
		{AA674935-EE79-4A95-A13B-1E5CE8738B56}.Debug|Any CPU.Build.0 = Debug|Any CPU
		{AA674935-EE79-4A95-A13B-1E5CE8738B56}.Release|Any CPU.ActiveCfg = Release|Any CPU
		{AA674935-EE79-4A95-A13B-1E5CE8738B56}.Release|Any CPU.Build.0 = Release|Any CPU
		{60CB7D74-7627-4863-929A-35A236B18CBD}.Debug|Any CPU.ActiveCfg = Debug|Any CPU
		{60CB7D74-7627-4863-929A-35A236B18CBD}.Debug|Any CPU.Build.0 = Debug|Any CPU
		{60CB7D74-7627-4863-929A-35A236B18CBD}.Release|Any CPU.ActiveCfg = Release|Any CPU
		{60CB7D74-7627-4863-929A-35A236B18CBD}.Release|Any CPU.Build.0 = Release|Any CPU
		{99CE6BCE-80F4-4749-B551-C0156DC23073}.Debug|Any CPU.ActiveCfg = Debug|Any CPU
		{99CE6BCE-80F4-4749-B551-C0156DC23073}.Debug|Any CPU.Build.0 = Debug|Any CPU
		{99CE6BCE-80F4-4749-B551-C0156DC23073}.Release|Any CPU.ActiveCfg = Release|Any CPU
		{99CE6BCE-80F4-4749-B551-C0156DC23073}.Release|Any CPU.Build.0 = Release|Any CPU
		{16229504-2E90-42E7-9BE9-185725FEC76E}.Debug|Any CPU.ActiveCfg = Debug|Any CPU
		{16229504-2E90-42E7-9BE9-185725FEC76E}.Debug|Any CPU.Build.0 = Debug|Any CPU
		{16229504-2E90-42E7-9BE9-185725FEC76E}.Release|Any CPU.ActiveCfg = Release|Any CPU
		{16229504-2E90-42E7-9BE9-185725FEC76E}.Release|Any CPU.Build.0 = Release|Any CPU
		{F998A3EB-A7C8-4572-ACE2-FD58F6E9562B}.Debug|Any CPU.ActiveCfg = Debug|Any CPU
		{F998A3EB-A7C8-4572-ACE2-FD58F6E9562B}.Debug|Any CPU.Build.0 = Debug|Any CPU
		{F998A3EB-A7C8-4572-ACE2-FD58F6E9562B}.Release|Any CPU.ActiveCfg = Release|Any CPU
		{F998A3EB-A7C8-4572-ACE2-FD58F6E9562B}.Release|Any CPU.Build.0 = Release|Any CPU
		{B3EF95AE-944A-4638-AFC6-80786C724214}.Debug|Any CPU.ActiveCfg = Debug|Any CPU
		{B3EF95AE-944A-4638-AFC6-80786C724214}.Debug|Any CPU.Build.0 = Debug|Any CPU
		{B3EF95AE-944A-4638-AFC6-80786C724214}.Release|Any CPU.ActiveCfg = Release|Any CPU
		{B3EF95AE-944A-4638-AFC6-80786C724214}.Release|Any CPU.Build.0 = Release|Any CPU
		{263E5EB9-C901-442F-8E3E-7CE38B59D8F2}.Debug|Any CPU.ActiveCfg = Debug|Any CPU
		{263E5EB9-C901-442F-8E3E-7CE38B59D8F2}.Debug|Any CPU.Build.0 = Debug|Any CPU
		{263E5EB9-C901-442F-8E3E-7CE38B59D8F2}.Release|Any CPU.ActiveCfg = Release|Any CPU
		{263E5EB9-C901-442F-8E3E-7CE38B59D8F2}.Release|Any CPU.Build.0 = Release|Any CPU
		{5648140C-04A7-4FB5-8EA7-FED5DFD26B4C}.Debug|Any CPU.ActiveCfg = Debug|Any CPU
		{5648140C-04A7-4FB5-8EA7-FED5DFD26B4C}.Debug|Any CPU.Build.0 = Debug|Any CPU
		{5648140C-04A7-4FB5-8EA7-FED5DFD26B4C}.Release|Any CPU.ActiveCfg = Release|Any CPU
		{5648140C-04A7-4FB5-8EA7-FED5DFD26B4C}.Release|Any CPU.Build.0 = Release|Any CPU
		{06A653C6-834F-4FD8-A1DF-4D107131E2FB}.Debug|Any CPU.ActiveCfg = Debug|Any CPU
		{06A653C6-834F-4FD8-A1DF-4D107131E2FB}.Debug|Any CPU.Build.0 = Debug|Any CPU
		{06A653C6-834F-4FD8-A1DF-4D107131E2FB}.Release|Any CPU.ActiveCfg = Release|Any CPU
		{06A653C6-834F-4FD8-A1DF-4D107131E2FB}.Release|Any CPU.Build.0 = Release|Any CPU
		{D2A22092-453A-4CAD-898E-24013950D124}.Debug|Any CPU.ActiveCfg = Debug|Any CPU
		{D2A22092-453A-4CAD-898E-24013950D124}.Debug|Any CPU.Build.0 = Debug|Any CPU
		{D2A22092-453A-4CAD-898E-24013950D124}.Release|Any CPU.ActiveCfg = Release|Any CPU
		{D2A22092-453A-4CAD-898E-24013950D124}.Release|Any CPU.Build.0 = Release|Any CPU
		{DE024517-2FCC-45E7-9202-710EED1CF5A3}.Debug|Any CPU.ActiveCfg = Debug|Any CPU
		{DE024517-2FCC-45E7-9202-710EED1CF5A3}.Debug|Any CPU.Build.0 = Debug|Any CPU
		{DE024517-2FCC-45E7-9202-710EED1CF5A3}.Release|Any CPU.ActiveCfg = Release|Any CPU
		{DE024517-2FCC-45E7-9202-710EED1CF5A3}.Release|Any CPU.Build.0 = Release|Any CPU
		{BD86B1FF-9B25-4ACE-8676-E63D5E6F2C45}.Debug|Any CPU.ActiveCfg = Debug|Any CPU
		{BD86B1FF-9B25-4ACE-8676-E63D5E6F2C45}.Debug|Any CPU.Build.0 = Debug|Any CPU
		{BD86B1FF-9B25-4ACE-8676-E63D5E6F2C45}.Release|Any CPU.ActiveCfg = Release|Any CPU
		{BD86B1FF-9B25-4ACE-8676-E63D5E6F2C45}.Release|Any CPU.Build.0 = Release|Any CPU
		{743EDB81-D2AC-4A52-A313-50BD4229401B}.Debug|Any CPU.ActiveCfg = Debug|Any CPU
		{743EDB81-D2AC-4A52-A313-50BD4229401B}.Debug|Any CPU.Build.0 = Debug|Any CPU
		{743EDB81-D2AC-4A52-A313-50BD4229401B}.Release|Any CPU.ActiveCfg = Release|Any CPU
		{743EDB81-D2AC-4A52-A313-50BD4229401B}.Release|Any CPU.Build.0 = Release|Any CPU
		{0D3E6222-90D5-47E5-A6DE-5AAF140A4BC7}.Debug|Any CPU.ActiveCfg = Debug|Any CPU
		{0D3E6222-90D5-47E5-A6DE-5AAF140A4BC7}.Debug|Any CPU.Build.0 = Debug|Any CPU
		{0D3E6222-90D5-47E5-A6DE-5AAF140A4BC7}.Release|Any CPU.ActiveCfg = Release|Any CPU
		{0D3E6222-90D5-47E5-A6DE-5AAF140A4BC7}.Release|Any CPU.Build.0 = Release|Any CPU
		{C8E885FC-385D-485D-9791-E7D46782C585}.Debug|Any CPU.ActiveCfg = Debug|Any CPU
		{C8E885FC-385D-485D-9791-E7D46782C585}.Debug|Any CPU.Build.0 = Debug|Any CPU
		{C8E885FC-385D-485D-9791-E7D46782C585}.Release|Any CPU.ActiveCfg = Release|Any CPU
		{C8E885FC-385D-485D-9791-E7D46782C585}.Release|Any CPU.Build.0 = Release|Any CPU
	EndGlobalSection
	GlobalSection(SolutionProperties) = preSolution
		HideSolutionNode = FALSE
	EndGlobalSection
	GlobalSection(NestedProjects) = preSolution
		{72660756-83A0-4768-913F-BB9ED585DC96} = {9DCA004B-9377-4160-A2CC-B2C866CC3360}
		{52D7457C-FD3A-4F39-9704-FF66A7A5F00A} = {9DCA004B-9377-4160-A2CC-B2C866CC3360}
		{2F038593-3BCA-48F7-AFFE-796F1DE0CAB1} = {9DCA004B-9377-4160-A2CC-B2C866CC3360}
		{78FD809C-43FE-43EF-9A1E-AE91F358585D} = {9DCA004B-9377-4160-A2CC-B2C866CC3360}
		{0ED67C0E-B710-44E5-8F87-59838E5BDBF6} = {9DCA004B-9377-4160-A2CC-B2C866CC3360}
		{3D640E34-5050-4B96-8800-315FF9EB5E23} = {9DCA004B-9377-4160-A2CC-B2C866CC3360}
		{AA674935-EE79-4A95-A13B-1E5CE8738B56} = {9DCA004B-9377-4160-A2CC-B2C866CC3360}
		{60CB7D74-7627-4863-929A-35A236B18CBD} = {9DCA004B-9377-4160-A2CC-B2C866CC3360}
		{99CE6BCE-80F4-4749-B551-C0156DC23073} = {9DCA004B-9377-4160-A2CC-B2C866CC3360}
		{16229504-2E90-42E7-9BE9-185725FEC76E} = {9DCA004B-9377-4160-A2CC-B2C866CC3360}
		{F998A3EB-A7C8-4572-ACE2-FD58F6E9562B} = {9DCA004B-9377-4160-A2CC-B2C866CC3360}
		{B3EF95AE-944A-4638-AFC6-80786C724214} = {9DCA004B-9377-4160-A2CC-B2C866CC3360}
		{263E5EB9-C901-442F-8E3E-7CE38B59D8F2} = {9DCA004B-9377-4160-A2CC-B2C866CC3360}
	EndGlobalSection
	GlobalSection(ExtensibilityGlobals) = postSolution
		VisualSVNWorkingCopyRoot = .
	EndGlobalSection
EndGlobal
